
Microsoft Visual Studio Solution File, Format Version 12.00
# Visual Studio Version 16
VisualStudioVersion = 16.0.30320.27
MinimumVisualStudioVersion = 10.0.40219.1
Project("{FAE04EC0-301F-11D3-BF4B-00C04F79EFBC}") = "DeberParalelismo", "DeberParalelismo\DeberParalelismo.csproj", "{472A6232-2471-4338-96C5-00E84A2A728B}"
EndProject
Global
	GlobalSection(SolutionConfigurationPlatforms) = preSolution
		Debug|Any CPU = Debug|Any CPU
		Release|Any CPU = Release|Any CPU
	EndGlobalSection
	GlobalSection(ProjectConfigurationPlatforms) = postSolution
		{472A6232-2471-4338-96C5-00E84A2A728B}.Debug|Any CPU.ActiveCfg = Debug|Any CPU
		{472A6232-2471-4338-96C5-00E84A2A728B}.Debug|Any CPU.Build.0 = Debug|Any CPU
		{472A6232-2471-4338-96C5-00E84A2A728B}.Release|Any CPU.ActiveCfg = Release|Any CPU
		{472A6232-2471-4338-96C5-00E84A2A728B}.Release|Any CPU.Build.0 = Release|Any CPU
	EndGlobalSection
	GlobalSection(SolutionProperties) = preSolution
		HideSolutionNode = FALSE
	EndGlobalSection
	GlobalSection(ExtensibilityGlobals) = postSolution
		SolutionGuid = {D9C22898-C5B4-450A-B61D-258E9D6F3368}
	EndGlobalSection
EndGlobal
